
Microsoft Visual Studio Solution File, Format Version 12.00
# Visual Studio Version 16
VisualStudioVersion = 16.0.29519.87
MinimumVisualStudioVersion = 10.0.40219.1
Project("{FAE04EC0-301F-11D3-BF4B-00C04F79EFBC}") = "MovieDatabase", "MovieDatabase\MovieDatabase.csproj", "{312DBB16-0B66-4979-AEAB-85B1F4DBAFE1}"
EndProject
Global
	GlobalSection(SolutionConfigurationPlatforms) = preSolution
		Debug|Any CPU = Debug|Any CPU
		Release|Any CPU = Release|Any CPU
	EndGlobalSection
	GlobalSection(ProjectConfigurationPlatforms) = postSolution
		{312DBB16-0B66-4979-AEAB-85B1F4DBAFE1}.Debug|Any CPU.ActiveCfg = Debug|Any CPU
		{312DBB16-0B66-4979-AEAB-85B1F4DBAFE1}.Debug|Any CPU.Build.0 = Debug|Any CPU
		{312DBB16-0B66-4979-AEAB-85B1F4DBAFE1}.Release|Any CPU.ActiveCfg = Release|Any CPU
		{312DBB16-0B66-4979-AEAB-85B1F4DBAFE1}.Release|Any CPU.Build.0 = Release|Any CPU
	EndGlobalSection
	GlobalSection(SolutionProperties) = preSolution
		HideSolutionNode = FALSE
	EndGlobalSection
	GlobalSection(ExtensibilityGlobals) = postSolution
		SolutionGuid = {045610B6-5FC2-408A-8D96-2CD73726E129}
	EndGlobalSection
EndGlobal
